# Exact CPython 3.13 Duckets ML runtime, model-loading, and verification environment.
# Install this file before the local package and use --no-deps for the local package.
# Regenerate intentionally; policy and candidate receipts checksum this whole contract.
aiohappyeyeballs==2.7.1
aiohttp==3.14.3
aiosignal==1.4.0
annotated-types==0.8.0
attrs==26.1.0
bitarray==3.10.1
certifi==2026.7.22
charset-normalizer==3.4.9
ckzg==2.1.8
colorama==0.4.6
cytoolz==1.1.0
databento==0.81.0
databento-dbn==0.62.0
eth-abi==6.0.0b1
eth-account==0.13.7
eth-hash==0.8.0
eth-keyfile==0.8.1
eth-keys==0.7.0
eth-rlp==2.2.0
eth-typing==6.0.0
eth-utils==5.3.1
exchange-calendars==4.13.2
filelock==3.30.0
frozenlist==1.8.0
hexbytes==1.3.1
hyperliquid-python-sdk==0.24.0
idna==3.18
iniconfig==2.3.0
joblib==1.5.3
korean-lunar-calendar==0.4.0
lightgbm==4.7.0
msgpack==1.2.1
multidict==6.7.1
narwhals==2.24.0
numpy==2.5.1
packaging==26.2
pandas==3.0.3
parsimonious==0.10.0
pip==26.2.1
pip-system-certs==5.3
pluggy==1.6.0
propcache==0.5.2
pyarrow==24.0.0
pycryptodome==3.23.0
pydantic==2.13.4
pydantic-core==2.46.4
pygments==2.20.0
pyluach==2.3.0
pytest==9.1.1
python-dateutil==2.9.0.post0
python-dotenv==1.2.2
regex==2026.7.19
requests==2.34.2
rlp==4.1.0
scikit-learn==1.9.0
scipy==1.18.0
setuptools==83.0.0
six==1.17.0
threadpoolctl==3.6.0
toolz==1.1.0
typing-extensions==4.16.0
typing-inspection==0.4.2
tzdata==2026.2
urllib3==2.7.0
websocket-client==1.9.0
wheel==0.47.0
xgboost==3.3.0
yarl==1.24.5
zstandard==0.25.0
