# Exact resolved Duckets ML runtime used for model production and loading.
# Regenerate intentionally; model manifests record the installed package versions.
exchange-calendars==4.13.2
filelock==3.29.7
joblib==1.5.3
korean-lunar-calendar==0.4.0
lightgbm==4.7.0
numpy==2.5.1
packaging==26.2
pandas==3.0.3
pyarrow==24.0.0
pyluach==2.3.0
python-dateutil==2.9.0.post0
scikit-learn==1.9.0
scipy==1.18.0
six==1.17.0
threadpoolctl==3.6.0
toolz==1.1.0
tzdata==2026.2
xgboost==3.3.0
